
Microsoft Visual Studio Solution File, Format Version 12.00
# Visual Studio Version 17
VisualStudioVersion = 17.1.32210.238
MinimumVisualStudioVersion = 10.0.40219.1
Project("{FAE04EC0-301F-11D3-BF4B-00C04F79EFBC}") = "ToDoList", "ToDoList\ToDoList.csproj", "{EF0201B7-086B-4643-A406-2F2CF9479D5E}"
EndProject
Global
	GlobalSection(SolutionConfigurationPlatforms) = preSolution
		Debug|Any CPU = Debug|Any CPU
		Release|Any CPU = Release|Any CPU
	EndGlobalSection
	GlobalSection(ProjectConfigurationPlatforms) = postSolution
		{EF0201B7-086B-4643-A406-2F2CF9479D5E}.Debug|Any CPU.ActiveCfg = Debug|Any CPU
		{EF0201B7-086B-4643-A406-2F2CF9479D5E}.Debug|Any CPU.Build.0 = Debug|Any CPU
		{EF0201B7-086B-4643-A406-2F2CF9479D5E}.Release|Any CPU.ActiveCfg = Release|Any CPU
		{EF0201B7-086B-4643-A406-2F2CF9479D5E}.Release|Any CPU.Build.0 = Release|Any CPU
	EndGlobalSection
	GlobalSection(SolutionProperties) = preSolution
		HideSolutionNode = FALSE
	EndGlobalSection
	GlobalSection(ExtensibilityGlobals) = postSolution
		SolutionGuid = {D9AED10D-EC7D-4FBD-A98B-C5089E426A66}
	EndGlobalSection
EndGlobal
